{
  "originHash" : "d822398bfea9d00cd92d984698792cb77fe94bbfadabe3e84d9fd69bc3662ba6",
  "pins" : [
    {
      "identity" : "splitview",
      "kind" : "remoteSourceControl",
      "location" : "https://github.com/stevengharris/SplitView",
      "state" : {
        "revision" : "ec90f7c254343849717af7c1e6b0fd0579207bf6",
        "version" : "1.1.1"
      }
    }
  ],
  "version" : 3
}
