// !$*UTF8*$!
{
	archiveVersion = 1;
	classes = {
	};
	objectVersion = 77;
	objects = {

/* Begin PBXBuildFile section */
		2288730A2DE9D1A1001DBE93 /* SplitView in Frameworks */ = {isa = PBXBuildFile; productRef = 228873092DE9D1A1001DBE93 /* SplitView */; };
		229E59A32DF2E42700B255C2 /* PanesCore in Frameworks */ = {isa = PBXBuildFile; productRef = 229E59A22DF2E42700B255C2 /* PanesCore */; };
/* End PBXBuildFile section */

/* Begin PBXContainerItemProxy section */
		228872CF2DE9A083001DBE93 /* PBXContainerItemProxy */ = {
			isa = PBXContainerItemProxy;
			containerPortal = 228872B62DE9A081001DBE93 /* Project object */;
			proxyType = 1;
			remoteGlobalIDString = 228872BD2DE9A081001DBE93;
			remoteInfo = Panes;
		};
		228872D92DE9A083001DBE93 /* PBXContainerItemProxy */ = {
			isa = PBXContainerItemProxy;
			containerPortal = 228872B62DE9A081001DBE93 /* Project object */;
			proxyType = 1;
			remoteGlobalIDString = 228872BD2DE9A081001DBE93;
			remoteInfo = Panes;
		};
/* End PBXContainerItemProxy section */

/* Begin PBXFileReference section */
		228872BE2DE9A081001DBE93 /* Panes.app */ = {isa = PBXFileReference; explicitFileType = wrapper.application; includeInIndex = 0; path = Panes.app; sourceTree = BUILT_PRODUCTS_DIR; };
		228872CE2DE9A083001DBE93 /* PanesTests.xctest */ = {isa = PBXFileReference; explicitFileType = wrapper.cfbundle; includeInIndex = 0; path = PanesTests.xctest; sourceTree = BUILT_PRODUCTS_DIR; };
		228872D82DE9A083001DBE93 /* PanesUITests.xctest */ = {isa = PBXFileReference; explicitFileType = wrapper.cfbundle; includeInIndex = 0; path = PanesUITests.xctest; sourceTree = BUILT_PRODUCTS_DIR; };
		229E59A02DF2E31600B255C2 /* PanesCore */ = {isa = PBXFileReference; lastKnownFileType = wrapper; path = PanesCore; sourceTree = "<group>"; };
/* End PBXFileReference section */

/* Begin PBXFileSystemSynchronizedRootGroup section */
		228872C02DE9A081001DBE93 /* Panes */ = {
			isa = PBXFileSystemSynchronizedRootGroup;
			path = Panes;
			sourceTree = "<group>";
		};
		228872D12DE9A083001DBE93 /* PanesTests */ = {
			isa = PBXFileSystemSynchronizedRootGroup;
			path = PanesTests;
			sourceTree = "<group>";
		};
		228872DB2DE9A083001DBE93 /* PanesUITests */ = {
			isa = PBXFileSystemSynchronizedRootGroup;
			path = PanesUITests;
			sourceTree = "<group>";
		};
/* End PBXFileSystemSynchronizedRootGroup section */

/* Begin PBXFrameworksBuildPhase section */
		228872BB2DE9A081001DBE93 /* Frameworks */ = {
			isa = PBXFrameworksBuildPhase;
			buildActionMask = 2147483647;
			files = (
				2288730A2DE9D1A1001DBE93 /* SplitView in Frameworks */,
				229E59A32DF2E42700B255C2 /* PanesCore in Frameworks */,
			);
			runOnlyForDeploymentPostprocessing = 0;
		};
		228872CB2DE9A083001DBE93 /* Frameworks */ = {
			isa = PBXFrameworksBuildPhase;
			buildActionMask = 2147483647;
			files = (
			);
			runOnlyForDeploymentPostprocessing = 0;
		};
		228872D52DE9A083001DBE93 /* Frameworks */ = {
			isa = PBXFrameworksBuildPhase;
			buildActionMask = 2147483647;
			files = (
			);
			runOnlyForDeploymentPostprocessing = 0;
		};
/* End PBXFrameworksBuildPhase section */

/* Begin PBXGroup section */
		228872B52DE9A081001DBE93 = {
			isa = PBXGroup;
			children = (
				229E59A02DF2E31600B255C2 /* PanesCore */,
				228872C02DE9A081001DBE93 /* Panes */,
				228872D12DE9A083001DBE93 /* PanesTests */,
				228872DB2DE9A083001DBE93 /* PanesUITests */,
				228872BF2DE9A081001DBE93 /* Products */,
			);
			sourceTree = "<group>";
		};
		228872BF2DE9A081001DBE93 /* Products */ = {
			isa = PBXGroup;
			children = (
				228872BE2DE9A081001DBE93 /* Panes.app */,
				228872CE2DE9A083001DBE93 /* PanesTests.xctest */,
				228872D82DE9A083001DBE93 /* PanesUITests.xctest */,
			);
			name = Products;
			sourceTree = "<group>";
		};
/* End PBXGroup section */

/* Begin PBXNativeTarget section */
		228872BD2DE9A081001DBE93 /* Panes */ = {
			isa = PBXNativeTarget;
			buildConfigurationList = 228872E22DE9A083001DBE93 /* Build configuration list for PBXNativeTarget "Panes" */;
			buildPhases = (
				228872BA2DE9A081001DBE93 /* Sources */,
				228872BB2DE9A081001DBE93 /* Frameworks */,
				228872BC2DE9A081001DBE93 /* Resources */,
			);
			buildRules = (
			);
			dependencies = (
			);
			fileSystemSynchronizedGroups = (
				228872C02DE9A081001DBE93 /* Panes */,
			);
			name = Panes;
			packageProductDependencies = (
				228873092DE9D1A1001DBE93 /* SplitView */,
				229E59A22DF2E42700B255C2 /* PanesCore */,
			);
			productName = Panes;
			productReference = 228872BE2DE9A081001DBE93 /* Panes.app */;
			productType = "com.apple.product-type.application";
		};
		228872CD2DE9A083001DBE93 /* PanesTests */ = {
			isa = PBXNativeTarget;
			buildConfigurationList = 228872E52DE9A083001DBE93 /* Build configuration list for PBXNativeTarget "PanesTests" */;
			buildPhases = (
				228872CA2DE9A083001DBE93 /* Sources */,
				228872CB2DE9A083001DBE93 /* Frameworks */,
				228872CC2DE9A083001DBE93 /* Resources */,
			);
			buildRules = (
			);
			dependencies = (
				228872D02DE9A083001DBE93 /* PBXTargetDependency */,
			);
			fileSystemSynchronizedGroups = (
				228872D12DE9A083001DBE93 /* PanesTests */,
			);
			name = PanesTests;
			packageProductDependencies = (
			);
			productName = PanesTests;
			productReference = 228872CE2DE9A083001DBE93 /* PanesTests.xctest */;
			productType = "com.apple.product-type.bundle.unit-test";
		};
		228872D72DE9A083001DBE93 /* PanesUITests */ = {
			isa = PBXNativeTarget;
			buildConfigurationList = 228872E82DE9A083001DBE93 /* Build configuration list for PBXNativeTarget "PanesUITests" */;
			buildPhases = (
				228872D42DE9A083001DBE93 /* Sources */,
				228872D52DE9A083001DBE93 /* Frameworks */,
				228872D62DE9A083001DBE93 /* Resources */,
			);
			buildRules = (
			);
			dependencies = (
				228872DA2DE9A083001DBE93 /* PBXTargetDependency */,
			);
			fileSystemSynchronizedGroups = (
				228872DB2DE9A083001DBE93 /* PanesUITests */,
			);
			name = PanesUITests;
			packageProductDependencies = (
			);
			productName = PanesUITests;
			productReference = 228872D82DE9A083001DBE93 /* PanesUITests.xctest */;
			productType = "com.apple.product-type.bundle.ui-testing";
		};
/* End PBXNativeTarget section */

/* Begin PBXProject section */
		228872B62DE9A081001DBE93 /* Project object */ = {
			isa = PBXProject;
			attributes = {
				BuildIndependentTargetsInParallel = 1;
				LastSwiftUpdateCheck = 1640;
				LastUpgradeCheck = 1640;
				ORGANIZATIONNAME = "Elegant Chaos";
				TargetAttributes = {
					228872BD2DE9A081001DBE93 = {
						CreatedOnToolsVersion = 16.4;
					};
					228872CD2DE9A083001DBE93 = {
						CreatedOnToolsVersion = 16.4;
						TestTargetID = 228872BD2DE9A081001DBE93;
					};
					228872D72DE9A083001DBE93 = {
						CreatedOnToolsVersion = 16.4;
						TestTargetID = 228872BD2DE9A081001DBE93;
					};
				};
			};
			buildConfigurationList = 228872B92DE9A081001DBE93 /* Build configuration list for PBXProject "Panes" */;
			developmentRegion = en;
			hasScannedForEncodings = 0;
			knownRegions = (
				en,
				Base,
			);
			mainGroup = 228872B52DE9A081001DBE93;
			minimizedProjectReferenceProxies = 1;
			packageReferences = (
				228873082DE9D1A1001DBE93 /* XCRemoteSwiftPackageReference "SplitView" */,
				229E59A12DF2E42700B255C2 /* XCLocalSwiftPackageReference "PanesCore" */,
			);
			preferredProjectObjectVersion = 77;
			productRefGroup = 228872BF2DE9A081001DBE93 /* Products */;
			projectDirPath = "";
			projectRoot = "";
			targets = (
				228872BD2DE9A081001DBE93 /* Panes */,
				228872CD2DE9A083001DBE93 /* PanesTests */,
				228872D72DE9A083001DBE93 /* PanesUITests */,
			);
		};
/* End PBXProject section */

/* Begin PBXResourcesBuildPhase section */
		228872BC2DE9A081001DBE93 /* Resources */ = {
			isa = PBXResourcesBuildPhase;
			buildActionMask = 2147483647;
			files = (
			);
			runOnlyForDeploymentPostprocessing = 0;
		};
		228872CC2DE9A083001DBE93 /* Resources */ = {
			isa = PBXResourcesBuildPhase;
			buildActionMask = 2147483647;
			files = (
			);
			runOnlyForDeploymentPostprocessing = 0;
		};
		228872D62DE9A083001DBE93 /* Resources */ = {
			isa = PBXResourcesBuildPhase;
			buildActionMask = 2147483647;
			files = (
			);
			runOnlyForDeploymentPostprocessing = 0;
		};
/* End PBXResourcesBuildPhase section */

/* Begin PBXSourcesBuildPhase section */
		228872BA2DE9A081001DBE93 /* Sources */ = {
			isa = PBXSourcesBuildPhase;
			buildActionMask = 2147483647;
			files = (
			);
			runOnlyForDeploymentPostprocessing = 0;
		};
		228872CA2DE9A083001DBE93 /* Sources */ = {
			isa = PBXSourcesBuildPhase;
			buildActionMask = 2147483647;
			files = (
			);
			runOnlyForDeploymentPostprocessing = 0;
		};
		228872D42DE9A083001DBE93 /* Sources */ = {
			isa = PBXSourcesBuildPhase;
			buildActionMask = 2147483647;
			files = (
			);
			runOnlyForDeploymentPostprocessing = 0;
		};
/* End PBXSourcesBuildPhase section */

/* Begin PBXTargetDependency section */
		228872D02DE9A083001DBE93 /* PBXTargetDependency */ = {
			isa = PBXTargetDependency;
			target = 228872BD2DE9A081001DBE93 /* Panes */;
			targetProxy = 228872CF2DE9A083001DBE93 /* PBXContainerItemProxy */;
		};
		228872DA2DE9A083001DBE93 /* PBXTargetDependency */ = {
			isa = PBXTargetDependency;
			target = 228872BD2DE9A081001DBE93 /* Panes */;
			targetProxy = 228872D92DE9A083001DBE93 /* PBXContainerItemProxy */;
		};
/* End PBXTargetDependency section */

/* Begin XCBuildConfiguration section */
		228872E02DE9A083001DBE93 /* Debug */ = {
			isa = XCBuildConfiguration;
			buildSettings = {
				ALWAYS_SEARCH_USER_PATHS = NO;
				ASSETCATALOG_COMPILER_GENERATE_SWIFT_ASSET_SYMBOL_EXTENSIONS = YES;
				CLANG_ANALYZER_NONNULL = YES;
				CLANG_ANALYZER_NUMBER_OBJECT_CONVERSION = YES_AGGRESSIVE;
				CLANG_CXX_LANGUAGE_STANDARD = "gnu++20";
				CLANG_ENABLE_MODULES = YES;
				CLANG_ENABLE_OBJC_ARC = YES;
				CLANG_ENABLE_OBJC_WEAK = YES;
				CLANG_WARN_BLOCK_CAPTURE_AUTORELEASING = YES;
				CLANG_WARN_BOOL_CONVERSION = YES;
				CLANG_WARN_COMMA = YES;
				CLANG_WARN_CONSTANT_CONVERSION = YES;
				CLANG_WARN_DEPRECATED_OBJC_IMPLEMENTATIONS = YES;
				CLANG_WARN_DIRECT_OBJC_ISA_USAGE = YES_ERROR;
				CLANG_WARN_DOCUMENTATION_COMMENTS = YES;
				CLANG_WARN_EMPTY_BODY = YES;
				CLANG_WARN_ENUM_CONVERSION = YES;
				CLANG_WARN_INFINITE_RECURSION = YES;
				CLANG_WARN_INT_CONVERSION = YES;
				CLANG_WARN_NON_LITERAL_NULL_CONVERSION = YES;
				CLANG_WARN_OBJC_IMPLICIT_RETAIN_SELF = YES;
				CLANG_WARN_OBJC_LITERAL_CONVERSION = YES;
				CLANG_WARN_OBJC_ROOT_CLASS = YES_ERROR;
				CLANG_WARN_QUOTED_INCLUDE_IN_FRAMEWORK_HEADER = YES;
				CLANG_WARN_RANGE_LOOP_ANALYSIS = YES;
				CLANG_WARN_STRICT_PROTOTYPES = YES;
				CLANG_WARN_SUSPICIOUS_MOVE = YES;
				CLANG_WARN_UNGUARDED_AVAILABILITY = YES_AGGRESSIVE;
				CLANG_WARN_UNREACHABLE_CODE = YES;
				CLANG_WARN__DUPLICATE_METHOD_MATCH = YES;
				COPY_PHASE_STRIP = NO;
				DEBUG_INFORMATION_FORMAT = dwarf;
				DEVELOPMENT_TEAM = 2H48644JM2;
				ENABLE_STRICT_OBJC_MSGSEND = YES;
				ENABLE_TESTABILITY = YES;
				ENABLE_USER_SCRIPT_SANDBOXING = YES;
				GCC_C_LANGUAGE_STANDARD = gnu17;
				GCC_DYNAMIC_NO_PIC = NO;
				GCC_NO_COMMON_BLOCKS = YES;
				GCC_OPTIMIZATION_LEVEL = 0;
				GCC_PREPROCESSOR_DEFINITIONS = (
					"DEBUG=1",
					"$(inherited)",
				);
				GCC_WARN_64_TO_32_BIT_CONVERSION = YES;
				GCC_WARN_ABOUT_RETURN_TYPE = YES_ERROR;
				GCC_WARN_UNDECLARED_SELECTOR = YES;
				GCC_WARN_UNINITIALIZED_AUTOS = YES_AGGRESSIVE;
				GCC_WARN_UNUSED_FUNCTION = YES;
				GCC_WARN_UNUSED_VARIABLE = YES;
				LOCALIZATION_PREFERS_STRING_CATALOGS = YES;
				MACOSX_DEPLOYMENT_TARGET = 15.5;
				MTL_ENABLE_DEBUG_INFO = INCLUDE_SOURCE;
				MTL_FAST_MATH = YES;
				ONLY_ACTIVE_ARCH = YES;
				SDKROOT = macosx;
				SWIFT_ACTIVE_COMPILATION_CONDITIONS = "DEBUG $(inherited)";
				SWIFT_OPTIMIZATION_LEVEL = "-Onone";
			};
			name = Debug;
		};
		228872E12DE9A083001DBE93 /* Release */ = {
			isa = XCBuildConfiguration;
			buildSettings = {
				ALWAYS_SEARCH_USER_PATHS = NO;
				ASSETCATALOG_COMPILER_GENERATE_SWIFT_ASSET_SYMBOL_EXTENSIONS = YES;
				CLANG_ANALYZER_NONNULL = YES;
				CLANG_ANALYZER_NUMBER_OBJECT_CONVERSION = YES_AGGRESSIVE;
				CLANG_CXX_LANGUAGE_STANDARD = "gnu++20";
				CLANG_ENABLE_MODULES = YES;
				CLANG_ENABLE_OBJC_ARC = YES;
				CLANG_ENABLE_OBJC_WEAK = YES;
				CLANG_WARN_BLOCK_CAPTURE_AUTORELEASING = YES;
				CLANG_WARN_BOOL_CONVERSION = YES;
				CLANG_WARN_COMMA = YES;
				CLANG_WARN_CONSTANT_CONVERSION = YES;
				CLANG_WARN_DEPRECATED_OBJC_IMPLEMENTATIONS = YES;
				CLANG_WARN_DIRECT_OBJC_ISA_USAGE = YES_ERROR;
				CLANG_WARN_DOCUMENTATION_COMMENTS = YES;
				CLANG_WARN_EMPTY_BODY = YES;
				CLANG_WARN_ENUM_CONVERSION = YES;
				CLANG_WARN_INFINITE_RECURSION = YES;
				CLANG_WARN_INT_CONVERSION = YES;
				CLANG_WARN_NON_LITERAL_NULL_CONVERSION = YES;
				CLANG_WARN_OBJC_IMPLICIT_RETAIN_SELF = YES;
				CLANG_WARN_OBJC_LITERAL_CONVERSION = YES;
				CLANG_WARN_OBJC_ROOT_CLASS = YES_ERROR;
				CLANG_WARN_QUOTED_INCLUDE_IN_FRAMEWORK_HEADER = YES;
				CLANG_WARN_RANGE_LOOP_ANALYSIS = YES;
				CLANG_WARN_STRICT_PROTOTYPES = YES;
				CLANG_WARN_SUSPICIOUS_MOVE = YES;
				CLANG_WARN_UNGUARDED_AVAILABILITY = YES_AGGRESSIVE;
				CLANG_WARN_UNREACHABLE_CODE = YES;
				CLANG_WARN__DUPLICATE_METHOD_MATCH = YES;
				COPY_PHASE_STRIP = NO;
				DEBUG_INFORMATION_FORMAT = "dwarf-with-dsym";
				DEVELOPMENT_TEAM = 2H48644JM2;
				ENABLE_NS_ASSERTIONS = NO;
				ENABLE_STRICT_OBJC_MSGSEND = YES;
				ENABLE_USER_SCRIPT_SANDBOXING = YES;
				GCC_C_LANGUAGE_STANDARD = gnu17;
				GCC_NO_COMMON_BLOCKS = YES;
				GCC_WARN_64_TO_32_BIT_CONVERSION = YES;
				GCC_WARN_ABOUT_RETURN_TYPE = YES_ERROR;
				GCC_WARN_UNDECLARED_SELECTOR = YES;
				GCC_WARN_UNINITIALIZED_AUTOS = YES_AGGRESSIVE;
				GCC_WARN_UNUSED_FUNCTION = YES;
				GCC_WARN_UNUSED_VARIABLE = YES;
				LOCALIZATION_PREFERS_STRING_CATALOGS = YES;
				MACOSX_DEPLOYMENT_TARGET = 15.5;
				MTL_ENABLE_DEBUG_INFO = NO;
				MTL_FAST_MATH = YES;
				SDKROOT = macosx;
				SWIFT_COMPILATION_MODE = wholemodule;
			};
			name = Release;
		};
		228872E32DE9A083001DBE93 /* Debug */ = {
			isa = XCBuildConfiguration;
			buildSettings = {
				ASSETCATALOG_COMPILER_APPICON_NAME = AppIcon;
				ASSETCATALOG_COMPILER_GLOBAL_ACCENT_COLOR_NAME = AccentColor;
				CODE_SIGN_ENTITLEMENTS = Panes/Panes.entitlements;
				CODE_SIGN_STYLE = Automatic;
				COMBINE_HIDPI_IMAGES = YES;
				CURRENT_PROJECT_VERSION = 1;
				DEVELOPMENT_TEAM = 2H48644JM2;
				ENABLE_HARDENED_RUNTIME = YES;
				ENABLE_PREVIEWS = YES;
				GENERATE_INFOPLIST_FILE = YES;
				INFOPLIST_KEY_LSApplicationCategoryType = "public.app-category.lifestyle";
				INFOPLIST_KEY_NSHumanReadableCopyright = "";
				LD_RUNPATH_SEARCH_PATHS = (
					"$(inherited)",
					"@executable_path/../Frameworks",
				);
				MACOSX_DEPLOYMENT_TARGET = 15.5;
				MARKETING_VERSION = 1.0;
				PRODUCT_BUNDLE_IDENTIFIER = com.elegantchaos.Panes;
				PRODUCT_NAME = "$(TARGET_NAME)";
				REGISTER_APP_GROUPS = YES;
				SWIFT_EMIT_LOC_STRINGS = YES;
				SWIFT_VERSION = 5.0;
			};
			name = Debug;
		};
		228872E42DE9A083001DBE93 /* Release */ = {
			isa = XCBuildConfiguration;
			buildSettings = {
				ASSETCATALOG_COMPILER_APPICON_NAME = AppIcon;
				ASSETCATALOG_COMPILER_GLOBAL_ACCENT_COLOR_NAME = AccentColor;
				CODE_SIGN_ENTITLEMENTS = Panes/Panes.entitlements;
				CODE_SIGN_STYLE = Automatic;
				COMBINE_HIDPI_IMAGES = YES;
				CURRENT_PROJECT_VERSION = 1;
				DEVELOPMENT_TEAM = 2H48644JM2;
				ENABLE_HARDENED_RUNTIME = YES;
				ENABLE_PREVIEWS = YES;
				GENERATE_INFOPLIST_FILE = YES;
				INFOPLIST_KEY_LSApplicationCategoryType = "public.app-category.lifestyle";
				INFOPLIST_KEY_NSHumanReadableCopyright = "";
				LD_RUNPATH_SEARCH_PATHS = (
					"$(inherited)",
					"@executable_path/../Frameworks",
				);
				MACOSX_DEPLOYMENT_TARGET = 15.5;
				MARKETING_VERSION = 1.0;
				PRODUCT_BUNDLE_IDENTIFIER = com.elegantchaos.Panes;
				PRODUCT_NAME = "$(TARGET_NAME)";
				REGISTER_APP_GROUPS = YES;
				SWIFT_EMIT_LOC_STRINGS = YES;
				SWIFT_VERSION = 5.0;
			};
			name = Release;
		};
		228872E62DE9A083001DBE93 /* Debug */ = {
			isa = XCBuildConfiguration;
			buildSettings = {
				BUNDLE_LOADER = "$(TEST_HOST)";
				CODE_SIGN_STYLE = Automatic;
				CURRENT_PROJECT_VERSION = 1;
				DEVELOPMENT_TEAM = 2H48644JM2;
				GENERATE_INFOPLIST_FILE = YES;
				MACOSX_DEPLOYMENT_TARGET = 15.5;
				MARKETING_VERSION = 1.0;
				PRODUCT_BUNDLE_IDENTIFIER = com.elegantchaos.PanesTests;
				PRODUCT_NAME = "$(TARGET_NAME)";
				SWIFT_EMIT_LOC_STRINGS = NO;
				SWIFT_VERSION = 5.0;
				TEST_HOST = "$(BUILT_PRODUCTS_DIR)/Panes.app/$(BUNDLE_EXECUTABLE_FOLDER_PATH)/Panes";
			};
			name = Debug;
		};
		228872E72DE9A083001DBE93 /* Release */ = {
			isa = XCBuildConfiguration;
			buildSettings = {
				BUNDLE_LOADER = "$(TEST_HOST)";
				CODE_SIGN_STYLE = Automatic;
				CURRENT_PROJECT_VERSION = 1;
				DEVELOPMENT_TEAM = 2H48644JM2;
				GENERATE_INFOPLIST_FILE = YES;
				MACOSX_DEPLOYMENT_TARGET = 15.5;
				MARKETING_VERSION = 1.0;
				PRODUCT_BUNDLE_IDENTIFIER = com.elegantchaos.PanesTests;
				PRODUCT_NAME = "$(TARGET_NAME)";
				SWIFT_EMIT_LOC_STRINGS = NO;
				SWIFT_VERSION = 5.0;
				TEST_HOST = "$(BUILT_PRODUCTS_DIR)/Panes.app/$(BUNDLE_EXECUTABLE_FOLDER_PATH)/Panes";
			};
			name = Release;
		};
		228872E92DE9A083001DBE93 /* Debug */ = {
			isa = XCBuildConfiguration;
			buildSettings = {
				CODE_SIGN_STYLE = Automatic;
				CURRENT_PROJECT_VERSION = 1;
				DEVELOPMENT_TEAM = 2H48644JM2;
				GENERATE_INFOPLIST_FILE = YES;
				MARKETING_VERSION = 1.0;
				PRODUCT_BUNDLE_IDENTIFIER = com.elegantchaos.PanesUITests;
				PRODUCT_NAME = "$(TARGET_NAME)";
				SWIFT_EMIT_LOC_STRINGS = NO;
				SWIFT_VERSION = 5.0;
				TEST_TARGET_NAME = Panes;
			};
			name = Debug;
		};
		228872EA2DE9A083001DBE93 /* Release */ = {
			isa = XCBuildConfiguration;
			buildSettings = {
				CODE_SIGN_STYLE = Automatic;
				CURRENT_PROJECT_VERSION = 1;
				DEVELOPMENT_TEAM = 2H48644JM2;
				GENERATE_INFOPLIST_FILE = YES;
				MARKETING_VERSION = 1.0;
				PRODUCT_BUNDLE_IDENTIFIER = com.elegantchaos.PanesUITests;
				PRODUCT_NAME = "$(TARGET_NAME)";
				SWIFT_EMIT_LOC_STRINGS = NO;
				SWIFT_VERSION = 5.0;
				TEST_TARGET_NAME = Panes;
			};
			name = Release;
		};
/* End XCBuildConfiguration section */

/* Begin XCConfigurationList section */
		228872B92DE9A081001DBE93 /* Build configuration list for PBXProject "Panes" */ = {
			isa = XCConfigurationList;
			buildConfigurations = (
				228872E02DE9A083001DBE93 /* Debug */,
				228872E12DE9A083001DBE93 /* Release */,
			);
			defaultConfigurationIsVisible = 0;
			defaultConfigurationName = Release;
		};
		228872E22DE9A083001DBE93 /* Build configuration list for PBXNativeTarget "Panes" */ = {
			isa = XCConfigurationList;
			buildConfigurations = (
				228872E32DE9A083001DBE93 /* Debug */,
				228872E42DE9A083001DBE93 /* Release */,
			);
			defaultConfigurationIsVisible = 0;
			defaultConfigurationName = Release;
		};
		228872E52DE9A083001DBE93 /* Build configuration list for PBXNativeTarget "PanesTests" */ = {
			isa = XCConfigurationList;
			buildConfigurations = (
				228872E62DE9A083001DBE93 /* Debug */,
				228872E72DE9A083001DBE93 /* Release */,
			);
			defaultConfigurationIsVisible = 0;
			defaultConfigurationName = Release;
		};
		228872E82DE9A083001DBE93 /* Build configuration list for PBXNativeTarget "PanesUITests" */ = {
			isa = XCConfigurationList;
			buildConfigurations = (
				228872E92DE9A083001DBE93 /* Debug */,
				228872EA2DE9A083001DBE93 /* Release */,
			);
			defaultConfigurationIsVisible = 0;
			defaultConfigurationName = Release;
		};
/* End XCConfigurationList section */

/* Begin XCLocalSwiftPackageReference section */
		229E59A12DF2E42700B255C2 /* XCLocalSwiftPackageReference "PanesCore" */ = {
			isa = XCLocalSwiftPackageReference;
			relativePath = PanesCore;
		};
/* End XCLocalSwiftPackageReference section */

/* Begin XCRemoteSwiftPackageReference section */
		228873082DE9D1A1001DBE93 /* XCRemoteSwiftPackageReference "SplitView" */ = {
			isa = XCRemoteSwiftPackageReference;
			repositoryURL = "https://github.com/stevengharris/SplitView";
			requirement = {
				kind = upToNextMajorVersion;
				minimumVersion = 3.5.3;
			};
		};
/* End XCRemoteSwiftPackageReference section */

/* Begin XCSwiftPackageProductDependency section */
		228873092DE9D1A1001DBE93 /* SplitView */ = {
			isa = XCSwiftPackageProductDependency;
			package = 228873082DE9D1A1001DBE93 /* XCRemoteSwiftPackageReference "SplitView" */;
			productName = SplitView;
		};
		229E59A22DF2E42700B255C2 /* PanesCore */ = {
			isa = XCSwiftPackageProductDependency;
			productName = PanesCore;
		};
/* End XCSwiftPackageProductDependency section */
	};
	rootObject = 228872B62DE9A081001DBE93 /* Project object */;
}
